
Microsoft Visual Studio Solution File, Format Version 12.00
# Visual Studio Version 17
VisualStudioVersion = 17.4.33205.214
MinimumVisualStudioVersion = 10.0.40219.1
Project("{9A19103F-16F7-4668-BE54-9A1E7A4F7556}") = "AdressbokVS", "AdressbokVS\AdressbokVS.csproj", "{1A65B6F0-C7C2-4FEC-A9F4-9EC9FA52C2E9}"
EndProject
Project("{9A19103F-16F7-4668-BE54-9A1E7A4F7556}") = "AdressbokWPTMvvm", "AdressbokWPTMvvm\AdressbokWPTMvvm.csproj", "{D39E07CE-3E89-4203-9C5C-62A65861EA72}"
EndProject
Project("{FAE04EC0-301F-11D3-BF4B-00C04F79EFBC}") = "ConsoleAPP_test", "ConsoleAPP_test\ConsoleAPP_test.csproj", "{FC2734A3-94BC-42E4-96FD-9A5D7319F708}"
EndProject
Global
	GlobalSection(SolutionConfigurationPlatforms) = preSolution
		Debug|Any CPU = Debug|Any CPU
		Release|Any CPU = Release|Any CPU
	EndGlobalSection
	GlobalSection(ProjectConfigurationPlatforms) = postSolution
		{1A65B6F0-C7C2-4FEC-A9F4-9EC9FA52C2E9}.Debug|Any CPU.ActiveCfg = Debug|Any CPU
		{1A65B6F0-C7C2-4FEC-A9F4-9EC9FA52C2E9}.Debug|Any CPU.Build.0 = Debug|Any CPU
		{1A65B6F0-C7C2-4FEC-A9F4-9EC9FA52C2E9}.Release|Any CPU.ActiveCfg = Release|Any CPU
		{1A65B6F0-C7C2-4FEC-A9F4-9EC9FA52C2E9}.Release|Any CPU.Build.0 = Release|Any CPU
		{D39E07CE-3E89-4203-9C5C-62A65861EA72}.Debug|Any CPU.ActiveCfg = Debug|Any CPU
		{D39E07CE-3E89-4203-9C5C-62A65861EA72}.Debug|Any CPU.Build.0 = Debug|Any CPU
		{D39E07CE-3E89-4203-9C5C-62A65861EA72}.Release|Any CPU.ActiveCfg = Release|Any CPU
		{D39E07CE-3E89-4203-9C5C-62A65861EA72}.Release|Any CPU.Build.0 = Release|Any CPU
		{FC2734A3-94BC-42E4-96FD-9A5D7319F708}.Debug|Any CPU.ActiveCfg = Debug|Any CPU
		{FC2734A3-94BC-42E4-96FD-9A5D7319F708}.Debug|Any CPU.Build.0 = Debug|Any CPU
		{FC2734A3-94BC-42E4-96FD-9A5D7319F708}.Release|Any CPU.ActiveCfg = Release|Any CPU
		{FC2734A3-94BC-42E4-96FD-9A5D7319F708}.Release|Any CPU.Build.0 = Release|Any CPU
	EndGlobalSection
	GlobalSection(SolutionProperties) = preSolution
		HideSolutionNode = FALSE
	EndGlobalSection
	GlobalSection(ExtensibilityGlobals) = postSolution
		SolutionGuid = {9CC7BC85-CEA9-4BE9-9FBF-9FF9DEF1E7B4}
	EndGlobalSection
EndGlobal
